
Microsoft Visual Studio Solution File, Format Version 12.00
# Visual Studio Version 17
VisualStudioVersion = 17.2.32602.215
MinimumVisualStudioVersion = 10.0.40219.1
Project("{FAE04EC0-301F-11D3-BF4B-00C04F79EFBC}") = "CashSHA256", "CashSHA256\CashSHA256.csproj", "{E2C2A407-1AC2-4835-A62B-226DD37ADE78}"
EndProject
Global
	GlobalSection(SolutionConfigurationPlatforms) = preSolution
		Debug|Any CPU = Debug|Any CPU
		Release|Any CPU = Release|Any CPU
	EndGlobalSection
	GlobalSection(ProjectConfigurationPlatforms) = postSolution
		{E2C2A407-1AC2-4835-A62B-226DD37ADE78}.Debug|Any CPU.ActiveCfg = Debug|Any CPU
		{E2C2A407-1AC2-4835-A62B-226DD37ADE78}.Debug|Any CPU.Build.0 = Debug|Any CPU
		{E2C2A407-1AC2-4835-A62B-226DD37ADE78}.Release|Any CPU.ActiveCfg = Release|Any CPU
		{E2C2A407-1AC2-4835-A62B-226DD37ADE78}.Release|Any CPU.Build.0 = Release|Any CPU
	EndGlobalSection
	GlobalSection(SolutionProperties) = preSolution
		HideSolutionNode = FALSE
	EndGlobalSection
	GlobalSection(ExtensibilityGlobals) = postSolution
		SolutionGuid = {30C3CC47-3984-476F-A966-2B41B601BD31}
	EndGlobalSection
EndGlobal
